
Microsoft Visual Studio Solution File, Format Version 12.00
# Visual Studio 15
VisualStudioVersion = 15.0.28307.852
MinimumVisualStudioVersion = 10.0.40219.1
Project("{FAE04EC0-301F-11D3-BF4B-00C04F79EFBC}") = "PromosV1", "PromosV1\PromosV1.csproj", "{A3D25102-FB0C-4DA5-96C9-52DD81178203}"
EndProject
Global
	GlobalSection(SolutionConfigurationPlatforms) = preSolution
		Debug|Any CPU = Debug|Any CPU
		Release|Any CPU = Release|Any CPU
	EndGlobalSection
	GlobalSection(ProjectConfigurationPlatforms) = postSolution
		{A3D25102-FB0C-4DA5-96C9-52DD81178203}.Debug|Any CPU.ActiveCfg = Debug|Any CPU
		{A3D25102-FB0C-4DA5-96C9-52DD81178203}.Debug|Any CPU.Build.0 = Debug|Any CPU
		{A3D25102-FB0C-4DA5-96C9-52DD81178203}.Release|Any CPU.ActiveCfg = Release|Any CPU
		{A3D25102-FB0C-4DA5-96C9-52DD81178203}.Release|Any CPU.Build.0 = Release|Any CPU
	EndGlobalSection
	GlobalSection(SolutionProperties) = preSolution
		HideSolutionNode = FALSE
	EndGlobalSection
	GlobalSection(ExtensibilityGlobals) = postSolution
		SolutionGuid = {FDCAE6D4-923F-4BBD-98C2-19ABDFAC9442}
	EndGlobalSection
EndGlobal
